
Microsoft Visual Studio Solution File, Format Version 12.00
# Visual Studio 15
VisualStudioVersion = 15.0.26124.0
MinimumVisualStudioVersion = 15.0.26124.0
Project("{FAE04EC0-301F-11D3-BF4B-00C04F79EFBC}") = "DotnetAuth0Login", "DotnetAuth0Login\DotnetAuth0Login.csproj", "{D3737662-87BC-4347-A9E3-38918ABBAFAC}"
EndProject
Global
	GlobalSection(SolutionConfigurationPlatforms) = preSolution
		Debug|Any CPU = Debug|Any CPU
		Debug|x64 = Debug|x64
		Debug|x86 = Debug|x86
		Release|Any CPU = Release|Any CPU
		Release|x64 = Release|x64
		Release|x86 = Release|x86
	EndGlobalSection
	GlobalSection(SolutionProperties) = preSolution
		HideSolutionNode = FALSE
	EndGlobalSection
	GlobalSection(ProjectConfigurationPlatforms) = postSolution
		{D3737662-87BC-4347-A9E3-38918ABBAFAC}.Debug|Any CPU.ActiveCfg = Debug|Any CPU
		{D3737662-87BC-4347-A9E3-38918ABBAFAC}.Debug|Any CPU.Build.0 = Debug|Any CPU
		{D3737662-87BC-4347-A9E3-38918ABBAFAC}.Debug|x64.ActiveCfg = Debug|Any CPU
		{D3737662-87BC-4347-A9E3-38918ABBAFAC}.Debug|x64.Build.0 = Debug|Any CPU
		{D3737662-87BC-4347-A9E3-38918ABBAFAC}.Debug|x86.ActiveCfg = Debug|Any CPU
		{D3737662-87BC-4347-A9E3-38918ABBAFAC}.Debug|x86.Build.0 = Debug|Any CPU
		{D3737662-87BC-4347-A9E3-38918ABBAFAC}.Release|Any CPU.ActiveCfg = Release|Any CPU
		{D3737662-87BC-4347-A9E3-38918ABBAFAC}.Release|Any CPU.Build.0 = Release|Any CPU
		{D3737662-87BC-4347-A9E3-38918ABBAFAC}.Release|x64.ActiveCfg = Release|Any CPU
		{D3737662-87BC-4347-A9E3-38918ABBAFAC}.Release|x64.Build.0 = Release|Any CPU
		{D3737662-87BC-4347-A9E3-38918ABBAFAC}.Release|x86.ActiveCfg = Release|Any CPU
		{D3737662-87BC-4347-A9E3-38918ABBAFAC}.Release|x86.Build.0 = Release|Any CPU
	EndGlobalSection
EndGlobal
